
Microsoft Visual Studio Solution File, Format Version 12.00
# Visual Studio Version 16
VisualStudioVersion = 16.0.30611.23
MinimumVisualStudioVersion = 10.0.40219.1
Project("{FAE04EC0-301F-11D3-BF4B-00C04F79EFBC}") = "CapaVista", "CapaVistaJose\CapaVista.csproj", "{567ED2E9-0F66-4B72-9B6B-2BA4E700E9A1}"
EndProject
Project("{FAE04EC0-301F-11D3-BF4B-00C04F79EFBC}") = "CapaControlador", "CapaControladorJose\CapaControlador.csproj", "{1C0A3A10-74F9-40AD-BD0D-B2B90F707F65}"
EndProject
Project("{FAE04EC0-301F-11D3-BF4B-00C04F79EFBC}") = "CapaModelo", "CapaModeloJose\CapaModelo.csproj", "{9A877339-E4FA-456F-897E-B2EA3EB6F022}"
EndProject
Global
	GlobalSection(SolutionConfigurationPlatforms) = preSolution
		Debug|Any CPU = Debug|Any CPU
		Release|Any CPU = Release|Any CPU
	EndGlobalSection
	GlobalSection(ProjectConfigurationPlatforms) = postSolution
		{567ED2E9-0F66-4B72-9B6B-2BA4E700E9A1}.Debug|Any CPU.ActiveCfg = Debug|Any CPU
		{567ED2E9-0F66-4B72-9B6B-2BA4E700E9A1}.Debug|Any CPU.Build.0 = Debug|Any CPU
		{567ED2E9-0F66-4B72-9B6B-2BA4E700E9A1}.Release|Any CPU.ActiveCfg = Release|Any CPU
		{567ED2E9-0F66-4B72-9B6B-2BA4E700E9A1}.Release|Any CPU.Build.0 = Release|Any CPU
		{1C0A3A10-74F9-40AD-BD0D-B2B90F707F65}.Debug|Any CPU.ActiveCfg = Debug|Any CPU
		{1C0A3A10-74F9-40AD-BD0D-B2B90F707F65}.Debug|Any CPU.Build.0 = Debug|Any CPU
		{1C0A3A10-74F9-40AD-BD0D-B2B90F707F65}.Release|Any CPU.ActiveCfg = Release|Any CPU
		{1C0A3A10-74F9-40AD-BD0D-B2B90F707F65}.Release|Any CPU.Build.0 = Release|Any CPU
		{9A877339-E4FA-456F-897E-B2EA3EB6F022}.Debug|Any CPU.ActiveCfg = Debug|Any CPU
		{9A877339-E4FA-456F-897E-B2EA3EB6F022}.Debug|Any CPU.Build.0 = Debug|Any CPU
		{9A877339-E4FA-456F-897E-B2EA3EB6F022}.Release|Any CPU.ActiveCfg = Release|Any CPU
		{9A877339-E4FA-456F-897E-B2EA3EB6F022}.Release|Any CPU.Build.0 = Release|Any CPU
	EndGlobalSection
	GlobalSection(SolutionProperties) = preSolution
		HideSolutionNode = FALSE
	EndGlobalSection
	GlobalSection(ExtensibilityGlobals) = postSolution
		SolutionGuid = {EF8E9A48-8F79-420A-B667-BDB77E9A8F35}
	EndGlobalSection
EndGlobal
